
Microsoft Visual Studio Solution File, Format Version 12.00
Project("{FAE04EC0-301F-11D3-BF4B-00C04F79EFBC}") = "VersionedDocs", "VersionedDocs\VersionedDocs.csproj", "{AF201CEC-9C59-4437-B09C-670058ABCCED}"
EndProject
Global
	GlobalSection(SolutionConfigurationPlatforms) = preSolution
		Debug|Any CPU = Debug|Any CPU
		Release|Any CPU = Release|Any CPU
	EndGlobalSection
	GlobalSection(ProjectConfigurationPlatforms) = postSolution
		{AF201CEC-9C59-4437-B09C-670058ABCCED}.Debug|Any CPU.ActiveCfg = Debug|Any CPU
		{AF201CEC-9C59-4437-B09C-670058ABCCED}.Debug|Any CPU.Build.0 = Debug|Any CPU
		{AF201CEC-9C59-4437-B09C-670058ABCCED}.Release|Any CPU.ActiveCfg = Release|Any CPU
		{AF201CEC-9C59-4437-B09C-670058ABCCED}.Release|Any CPU.Build.0 = Release|Any CPU
	EndGlobalSection
EndGlobal
